// !$*UTF8*$!
{
	archiveVersion = 1;
	classes = {
	};
	objectVersion = 56;
	objects = {

/* Begin PBXBuildFile section */
		2C07D85329EAB40F0083C939 /* Icons.swift in Sources */ = {isa = PBXBuildFile; fileRef = 2C07D85229EAB40F0083C939 /* Icons.swift */; };
		2C07D85529EABB720083C939 /* CardIconButton.swift in Sources */ = {isa = PBXBuildFile; fileRef = 2C07D85429EABB720083C939 /* CardIconButton.swift */; };
		2C07D85829EAC79E0083C939 /* ImageLoadingManager.swift in Sources */ = {isa = PBXBuildFile; fileRef = 2C07D85729EAC79E0083C939 /* ImageLoadingManager.swift */; };
		2C07D85A29EAE4170083C939 /* CardButtonActionDelegate.swift in Sources */ = {isa = PBXBuildFile; fileRef = 2C07D85929EAE4170083C939 /* CardButtonActionDelegate.swift */; };
		2C07D85E29EB3B8B0083C939 /* HalfRingActivityIndicator.swift in Sources */ = {isa = PBXBuildFile; fileRef = 2C07D85D29EB3B8B0083C939 /* HalfRingActivityIndicator.swift */; };
		2C3CBE7D29E7C569004CF4A6 /* AppDelegate.swift in Sources */ = {isa = PBXBuildFile; fileRef = 2C3CBE7C29E7C569004CF4A6 /* AppDelegate.swift */; };
		2C3CBE8629E7C56B004CF4A6 /* Assets.xcassets in Resources */ = {isa = PBXBuildFile; fileRef = 2C3CBE8529E7C56B004CF4A6 /* Assets.xcassets */; };
		2C3CBE8929E7C56B004CF4A6 /* LaunchScreen.storyboard in Resources */ = {isa = PBXBuildFile; fileRef = 2C3CBE8729E7C56B004CF4A6 /* LaunchScreen.storyboard */; };
		2C3CBE9729E819CA004CF4A6 /* SystemLogger.swift in Sources */ = {isa = PBXBuildFile; fileRef = 2C3CBE9629E819CA004CF4A6 /* SystemLogger.swift */; };
		2C3CBE9929E81A0F004CF4A6 /* ServiceAssembly.swift in Sources */ = {isa = PBXBuildFile; fileRef = 2C3CBE9829E81A0F004CF4A6 /* ServiceAssembly.swift */; };
		2C3CBE9C29E81A69004CF4A6 /* NetworkError.swift in Sources */ = {isa = PBXBuildFile; fileRef = 2C3CBE9B29E81A69004CF4A6 /* NetworkError.swift */; };
		2C3CBEA229E81B37004CF4A6 /* CompanyAPIModel.swift in Sources */ = {isa = PBXBuildFile; fileRef = 2C3CBEA129E81B37004CF4A6 /* CompanyAPIModel.swift */; };
		2C3CBEA429E81BF5004CF4A6 /* CompanyParser.swift in Sources */ = {isa = PBXBuildFile; fileRef = 2C3CBEA329E81BF5004CF4A6 /* CompanyParser.swift */; };
		2C3CBEA629E81C1B004CF4A6 /* RequestService.swift in Sources */ = {isa = PBXBuildFile; fileRef = 2C3CBEA529E81C1B004CF4A6 /* RequestService.swift */; };
		2C3CBEA929E81C4F004CF4A6 /* RequestFactory.swift in Sources */ = {isa = PBXBuildFile; fileRef = 2C3CBEA829E81C4F004CF4A6 /* RequestFactory.swift */; };
		2C86FC1229E9512900D21D76 /* URLProvider.swift in Sources */ = {isa = PBXBuildFile; fileRef = 2C86FC1129E9512900D21D76 /* URLProvider.swift */; };
		2C86FC1929E95E4000D21D76 /* IdentifiableCell.swift in Sources */ = {isa = PBXBuildFile; fileRef = 2C86FC1829E95E4000D21D76 /* IdentifiableCell.swift */; };
		2C86FC1C29E95F5D00D21D76 /* CardModel.swift in Sources */ = {isa = PBXBuildFile; fileRef = 2C86FC1B29E95F5D00D21D76 /* CardModel.swift */; };
		2C86FC1E29E95F7E00D21D76 /* CardsViewController.swift in Sources */ = {isa = PBXBuildFile; fileRef = 2C86FC1D29E95F7E00D21D76 /* CardsViewController.swift */; };
		2C86FC2029E95FA800D21D76 /* CardsPresenter.swift in Sources */ = {isa = PBXBuildFile; fileRef = 2C86FC1F29E95FA800D21D76 /* CardsPresenter.swift */; };
		2C86FC2229E95FC100D21D76 /* CardsConfigurator.swift in Sources */ = {isa = PBXBuildFile; fileRef = 2C86FC2129E95FC100D21D76 /* CardsConfigurator.swift */; };
		2C86FC2629E960CB00D21D76 /* CardsDataSourceProvider.swift in Sources */ = {isa = PBXBuildFile; fileRef = 2C86FC2529E960CB00D21D76 /* CardsDataSourceProvider.swift */; };
		2C86FC2929E9612600D21D76 /* PresentationAssembly.swift in Sources */ = {isa = PBXBuildFile; fileRef = 2C86FC2829E9612600D21D76 /* PresentationAssembly.swift */; };
		2C86FC2C29E964A000D21D76 /* UIColor+Hex.swift in Sources */ = {isa = PBXBuildFile; fileRef = 2C86FC2B29E964A000D21D76 /* UIColor+Hex.swift */; };
		2C86FC3329E9656C00D21D76 /* Colors.swift in Sources */ = {isa = PBXBuildFile; fileRef = 2C86FC3229E9656C00D21D76 /* Colors.swift */; };
		2C86FC3629E9673600D21D76 /* CardCell.swift in Sources */ = {isa = PBXBuildFile; fileRef = 2C86FC3529E9673600D21D76 /* CardCell.swift */; };
		2C86FC3B29E9708C00D21D76 /* Indents.swift in Sources */ = {isa = PBXBuildFile; fileRef = 2C86FC3A29E9708C00D21D76 /* Indents.swift */; };
		2C86FC3D29E9837C00D21D76 /* Fonts.swift in Sources */ = {isa = PBXBuildFile; fileRef = 2C86FC3C29E9837C00D21D76 /* Fonts.swift */; };
		2C86FC4529E9D4DB00D21D76 /* UsesAutoLayout.swift in Sources */ = {isa = PBXBuildFile; fileRef = 2C86FC4429E9D4DB00D21D76 /* UsesAutoLayout.swift */; };
		2CB6588729EE9CBA004B77ED /* LoaderFooterView.swift in Sources */ = {isa = PBXBuildFile; fileRef = 2CB6588629EE9CBA004B77ED /* LoaderFooterView.swift */; };
/* End PBXBuildFile section */

/* Begin PBXFileReference section */
		2C07D85229EAB40F0083C939 /* Icons.swift */ = {isa = PBXFileReference; lastKnownFileType = sourcecode.swift; path = Icons.swift; sourceTree = "<group>"; };
		2C07D85429EABB720083C939 /* CardIconButton.swift */ = {isa = PBXFileReference; lastKnownFileType = sourcecode.swift; path = CardIconButton.swift; sourceTree = "<group>"; };
		2C07D85729EAC79E0083C939 /* ImageLoadingManager.swift */ = {isa = PBXFileReference; lastKnownFileType = sourcecode.swift; path = ImageLoadingManager.swift; sourceTree = "<group>"; };
		2C07D85929EAE4170083C939 /* CardButtonActionDelegate.swift */ = {isa = PBXFileReference; lastKnownFileType = sourcecode.swift; path = CardButtonActionDelegate.swift; sourceTree = "<group>"; };
		2C07D85D29EB3B8B0083C939 /* HalfRingActivityIndicator.swift */ = {isa = PBXFileReference; lastKnownFileType = sourcecode.swift; path = HalfRingActivityIndicator.swift; sourceTree = "<group>"; };
		2C3CBE7929E7C569004CF4A6 /* MobinTestTask.app */ = {isa = PBXFileReference; explicitFileType = wrapper.application; includeInIndex = 0; path = MobinTestTask.app; sourceTree = BUILT_PRODUCTS_DIR; };
		2C3CBE7C29E7C569004CF4A6 /* AppDelegate.swift */ = {isa = PBXFileReference; lastKnownFileType = sourcecode.swift; path = AppDelegate.swift; sourceTree = "<group>"; };
		2C3CBE8529E7C56B004CF4A6 /* Assets.xcassets */ = {isa = PBXFileReference; lastKnownFileType = folder.assetcatalog; path = Assets.xcassets; sourceTree = "<group>"; };
		2C3CBE8829E7C56B004CF4A6 /* Base */ = {isa = PBXFileReference; lastKnownFileType = file.storyboard; name = Base; path = Base.lproj/LaunchScreen.storyboard; sourceTree = "<group>"; };
		2C3CBE8A29E7C56B004CF4A6 /* Info.plist */ = {isa = PBXFileReference; lastKnownFileType = text.plist.xml; path = Info.plist; sourceTree = "<group>"; };
		2C3CBE9629E819CA004CF4A6 /* SystemLogger.swift */ = {isa = PBXFileReference; lastKnownFileType = sourcecode.swift; path = SystemLogger.swift; sourceTree = "<group>"; };
		2C3CBE9829E81A0F004CF4A6 /* ServiceAssembly.swift */ = {isa = PBXFileReference; lastKnownFileType = sourcecode.swift; path = ServiceAssembly.swift; sourceTree = "<group>"; };
		2C3CBE9B29E81A69004CF4A6 /* NetworkError.swift */ = {isa = PBXFileReference; lastKnownFileType = sourcecode.swift; path = NetworkError.swift; sourceTree = "<group>"; };
		2C3CBEA129E81B37004CF4A6 /* CompanyAPIModel.swift */ = {isa = PBXFileReference; lastKnownFileType = sourcecode.swift; path = CompanyAPIModel.swift; sourceTree = "<group>"; };
		2C3CBEA329E81BF5004CF4A6 /* CompanyParser.swift */ = {isa = PBXFileReference; lastKnownFileType = sourcecode.swift; path = CompanyParser.swift; sourceTree = "<group>"; };
		2C3CBEA529E81C1B004CF4A6 /* RequestService.swift */ = {isa = PBXFileReference; lastKnownFileType = sourcecode.swift; path = RequestService.swift; sourceTree = "<group>"; };
		2C3CBEA829E81C4F004CF4A6 /* RequestFactory.swift */ = {isa = PBXFileReference; lastKnownFileType = sourcecode.swift; path = RequestFactory.swift; sourceTree = "<group>"; };
		2C86FC1129E9512900D21D76 /* URLProvider.swift */ = {isa = PBXFileReference; lastKnownFileType = sourcecode.swift; path = URLProvider.swift; sourceTree = "<group>"; };
		2C86FC1829E95E4000D21D76 /* IdentifiableCell.swift */ = {isa = PBXFileReference; lastKnownFileType = sourcecode.swift; path = IdentifiableCell.swift; sourceTree = "<group>"; };
		2C86FC1B29E95F5D00D21D76 /* CardModel.swift */ = {isa = PBXFileReference; lastKnownFileType = sourcecode.swift; path = CardModel.swift; sourceTree = "<group>"; };
		2C86FC1D29E95F7E00D21D76 /* CardsViewController.swift */ = {isa = PBXFileReference; lastKnownFileType = sourcecode.swift; path = CardsViewController.swift; sourceTree = "<group>"; };
		2C86FC1F29E95FA800D21D76 /* CardsPresenter.swift */ = {isa = PBXFileReference; lastKnownFileType = sourcecode.swift; path = CardsPresenter.swift; sourceTree = "<group>"; };
		2C86FC2129E95FC100D21D76 /* CardsConfigurator.swift */ = {isa = PBXFileReference; lastKnownFileType = sourcecode.swift; path = CardsConfigurator.swift; sourceTree = "<group>"; };
		2C86FC2529E960CB00D21D76 /* CardsDataSourceProvider.swift */ = {isa = PBXFileReference; lastKnownFileType = sourcecode.swift; path = CardsDataSourceProvider.swift; sourceTree = "<group>"; };
		2C86FC2829E9612600D21D76 /* PresentationAssembly.swift */ = {isa = PBXFileReference; lastKnownFileType = sourcecode.swift; path = PresentationAssembly.swift; sourceTree = "<group>"; };
		2C86FC2B29E964A000D21D76 /* UIColor+Hex.swift */ = {isa = PBXFileReference; lastKnownFileType = sourcecode.swift; path = "UIColor+Hex.swift"; sourceTree = "<group>"; };
		2C86FC3229E9656C00D21D76 /* Colors.swift */ = {isa = PBXFileReference; lastKnownFileType = sourcecode.swift; path = Colors.swift; sourceTree = "<group>"; };
		2C86FC3529E9673600D21D76 /* CardCell.swift */ = {isa = PBXFileReference; lastKnownFileType = sourcecode.swift; path = CardCell.swift; sourceTree = "<group>"; };
		2C86FC3A29E9708C00D21D76 /* Indents.swift */ = {isa = PBXFileReference; lastKnownFileType = sourcecode.swift; path = Indents.swift; sourceTree = "<group>"; };
		2C86FC3C29E9837C00D21D76 /* Fonts.swift */ = {isa = PBXFileReference; lastKnownFileType = sourcecode.swift; path = Fonts.swift; sourceTree = "<group>"; };
		2C86FC4429E9D4DB00D21D76 /* UsesAutoLayout.swift */ = {isa = PBXFileReference; lastKnownFileType = sourcecode.swift; path = UsesAutoLayout.swift; sourceTree = "<group>"; };
		2CB6588629EE9CBA004B77ED /* LoaderFooterView.swift */ = {isa = PBXFileReference; lastKnownFileType = sourcecode.swift; path = LoaderFooterView.swift; sourceTree = "<group>"; };
/* End PBXFileReference section */

/* Begin PBXFrameworksBuildPhase section */
		2C3CBE7629E7C569004CF4A6 /* Frameworks */ = {
			isa = PBXFrameworksBuildPhase;
			buildActionMask = 2147483647;
			files = (
			);
			runOnlyForDeploymentPostprocessing = 0;
		};
/* End PBXFrameworksBuildPhase section */

/* Begin PBXGroup section */
		2C07D85629EAC77C0083C939 /* Managers */ = {
			isa = PBXGroup;
			children = (
				2C07D85729EAC79E0083C939 /* ImageLoadingManager.swift */,
			);
			path = Managers;
			sourceTree = "<group>";
		};
		2C3CBE7029E7C569004CF4A6 = {
			isa = PBXGroup;
			children = (
				2C3CBE7B29E7C569004CF4A6 /* MobinTestTask */,
				2C3CBE7A29E7C569004CF4A6 /* Products */,
			);
			sourceTree = "<group>";
		};
		2C3CBE7A29E7C569004CF4A6 /* Products */ = {
			isa = PBXGroup;
			children = (
				2C3CBE7929E7C569004CF4A6 /* MobinTestTask.app */,
			);
			name = Products;
			sourceTree = "<group>";
		};
		2C3CBE7B29E7C569004CF4A6 /* MobinTestTask */ = {
			isa = PBXGroup;
			children = (
				2C3CBE8A29E7C56B004CF4A6 /* Info.plist */,
				2C3CBE9029E7C665004CF4A6 /* Default */,
				2C86FC1629E95E0800D21D76 /* Common */,
				2C3CBE9429E81983004CF4A6 /* ServiceLayer */,
				2C07D85629EAC77C0083C939 /* Managers */,
				2C86FC1329E95DB400D21D76 /* PresentationLayer */,
			);
			path = MobinTestTask;
			sourceTree = "<group>";
		};
		2C3CBE9029E7C665004CF4A6 /* Default */ = {
			isa = PBXGroup;
			children = (
				2C3CBE9129E7C685004CF4A6 /* Recources */,
				2C3CBE7C29E7C569004CF4A6 /* AppDelegate.swift */,
				2C3CBE8729E7C56B004CF4A6 /* LaunchScreen.storyboard */,
			);
			path = Default;
			sourceTree = "<group>";
		};
		2C3CBE9129E7C685004CF4A6 /* Recources */ = {
			isa = PBXGroup;
			children = (
				2C3CBE8529E7C56B004CF4A6 /* Assets.xcassets */,
			);
			path = Recources;
			sourceTree = "<group>";
		};
		2C3CBE9429E81983004CF4A6 /* ServiceLayer */ = {
			isa = PBXGroup;
			children = (
				2C3CBE9829E81A0F004CF4A6 /* ServiceAssembly.swift */,
				2C3CBE9A29E81A43004CF4A6 /* NetworkService */,
			);
			path = ServiceLayer;
			sourceTree = "<group>";
		};
		2C3CBE9529E8199F004CF4A6 /* Supports */ = {
			isa = PBXGroup;
			children = (
				2C3CBE9629E819CA004CF4A6 /* SystemLogger.swift */,
			);
			path = Supports;
			sourceTree = "<group>";
		};
		2C3CBE9A29E81A43004CF4A6 /* NetworkService */ = {
			isa = PBXGroup;
			children = (
				2C3CBE9F29E81AD3004CF4A6 /* Models */,
				2C86FC1129E9512900D21D76 /* URLProvider.swift */,
				2C3CBE9B29E81A69004CF4A6 /* NetworkError.swift */,
				2C3CBEA329E81BF5004CF4A6 /* CompanyParser.swift */,
				2C3CBEA529E81C1B004CF4A6 /* RequestService.swift */,
				2C3CBEA829E81C4F004CF4A6 /* RequestFactory.swift */,
			);
			path = NetworkService;
			sourceTree = "<group>";
		};
		2C3CBE9F29E81AD3004CF4A6 /* Models */ = {
			isa = PBXGroup;
			children = (
				2C3CBEA129E81B37004CF4A6 /* CompanyAPIModel.swift */,
			);
			path = Models;
			sourceTree = "<group>";
		};
		2C86FC1329E95DB400D21D76 /* PresentationLayer */ = {
			isa = PBXGroup;
			children = (
				2C86FC2829E9612600D21D76 /* PresentationAssembly.swift */,
				2C86FC1429E95DC900D21D76 /* CardScreen */,
			);
			path = PresentationLayer;
			sourceTree = "<group>";
		};
		2C86FC1429E95DC900D21D76 /* CardScreen */ = {
			isa = PBXGroup;
			children = (
				2CB6588529EE9C93004B77ED /* TableFooterViews */,
				2C86FC2329E960B000D21D76 /* Providers */,
				2C86FC1529E95DD400D21D76 /* Cells */,
				2C86FC1B29E95F5D00D21D76 /* CardModel.swift */,
				2C86FC1D29E95F7E00D21D76 /* CardsViewController.swift */,
				2C86FC1F29E95FA800D21D76 /* CardsPresenter.swift */,
				2C86FC2129E95FC100D21D76 /* CardsConfigurator.swift */,
			);
			path = CardScreen;
			sourceTree = "<group>";
		};
		2C86FC1529E95DD400D21D76 /* Cells */ = {
			isa = PBXGroup;
			children = (
				2C86FC3529E9673600D21D76 /* CardCell.swift */,
			);
			path = Cells;
			sourceTree = "<group>";
		};
		2C86FC1629E95E0800D21D76 /* Common */ = {
			isa = PBXGroup;
			children = (
				2C86FC3029E9655D00D21D76 /* Constants */,
				2C86FC4629E9D54B00D21D76 /* PropertyWrappers */,
				2C3CBE9529E8199F004CF4A6 /* Supports */,
				2C86FC1729E95E0E00D21D76 /* Protocols */,
				2C86FC2A29E9647200D21D76 /* Extensions */,
				2C07D85429EABB720083C939 /* CardIconButton.swift */,
				2C07D85D29EB3B8B0083C939 /* HalfRingActivityIndicator.swift */,
			);
			path = Common;
			sourceTree = "<group>";
		};
		2C86FC1729E95E0E00D21D76 /* Protocols */ = {
			isa = PBXGroup;
			children = (
				2C86FC1829E95E4000D21D76 /* IdentifiableCell.swift */,
				2C07D85929EAE4170083C939 /* CardButtonActionDelegate.swift */,
			);
			path = Protocols;
			sourceTree = "<group>";
		};
		2C86FC2329E960B000D21D76 /* Providers */ = {
			isa = PBXGroup;
			children = (
				2C86FC2529E960CB00D21D76 /* CardsDataSourceProvider.swift */,
			);
			path = Providers;
			sourceTree = "<group>";
		};
		2C86FC2A29E9647200D21D76 /* Extensions */ = {
			isa = PBXGroup;
			children = (
				2C86FC2B29E964A000D21D76 /* UIColor+Hex.swift */,
			);
			path = Extensions;
			sourceTree = "<group>";
		};
		2C86FC3029E9655D00D21D76 /* Constants */ = {
			isa = PBXGroup;
			children = (
				2C86FC3229E9656C00D21D76 /* Colors.swift */,
				2C86FC3A29E9708C00D21D76 /* Indents.swift */,
				2C86FC3C29E9837C00D21D76 /* Fonts.swift */,
				2C07D85229EAB40F0083C939 /* Icons.swift */,
			);
			path = Constants;
			sourceTree = "<group>";
		};
		2C86FC4629E9D54B00D21D76 /* PropertyWrappers */ = {
			isa = PBXGroup;
			children = (
				2C86FC4429E9D4DB00D21D76 /* UsesAutoLayout.swift */,
			);
			path = PropertyWrappers;
			sourceTree = "<group>";
		};
		2CB6588529EE9C93004B77ED /* TableFooterViews */ = {
			isa = PBXGroup;
			children = (
				2CB6588629EE9CBA004B77ED /* LoaderFooterView.swift */,
			);
			path = TableFooterViews;
			sourceTree = "<group>";
		};
/* End PBXGroup section */

/* Begin PBXNativeTarget section */
		2C3CBE7829E7C569004CF4A6 /* MobinTestTask */ = {
			isa = PBXNativeTarget;
			buildConfigurationList = 2C3CBE8D29E7C56B004CF4A6 /* Build configuration list for PBXNativeTarget "MobinTestTask" */;
			buildPhases = (
				2C3CBE7529E7C569004CF4A6 /* Sources */,
				2C3CBE7629E7C569004CF4A6 /* Frameworks */,
				2C3CBE7729E7C569004CF4A6 /* Resources */,
			);
			buildRules = (
			);
			dependencies = (
			);
			name = MobinTestTask;
			productName = MobinTestTask;
			productReference = 2C3CBE7929E7C569004CF4A6 /* MobinTestTask.app */;
			productType = "com.apple.product-type.application";
		};
/* End PBXNativeTarget section */

/* Begin PBXProject section */
		2C3CBE7129E7C569004CF4A6 /* Project object */ = {
			isa = PBXProject;
			attributes = {
				BuildIndependentTargetsInParallel = 1;
				LastSwiftUpdateCheck = 1430;
				LastUpgradeCheck = 1430;
				TargetAttributes = {
					2C3CBE7829E7C569004CF4A6 = {
						CreatedOnToolsVersion = 14.3;
					};
				};
			};
			buildConfigurationList = 2C3CBE7429E7C569004CF4A6 /* Build configuration list for PBXProject "MobinTestTask" */;
			compatibilityVersion = "Xcode 14.0";
			developmentRegion = en;
			hasScannedForEncodings = 0;
			knownRegions = (
				en,
				Base,
			);
			mainGroup = 2C3CBE7029E7C569004CF4A6;
			productRefGroup = 2C3CBE7A29E7C569004CF4A6 /* Products */;
			projectDirPath = "";
			projectRoot = "";
			targets = (
				2C3CBE7829E7C569004CF4A6 /* MobinTestTask */,
			);
		};
/* End PBXProject section */

/* Begin PBXResourcesBuildPhase section */
		2C3CBE7729E7C569004CF4A6 /* Resources */ = {
			isa = PBXResourcesBuildPhase;
			buildActionMask = 2147483647;
			files = (
				2C3CBE8929E7C56B004CF4A6 /* LaunchScreen.storyboard in Resources */,
				2C3CBE8629E7C56B004CF4A6 /* Assets.xcassets in Resources */,
			);
			runOnlyForDeploymentPostprocessing = 0;
		};
/* End PBXResourcesBuildPhase section */

/* Begin PBXSourcesBuildPhase section */
		2C3CBE7529E7C569004CF4A6 /* Sources */ = {
			isa = PBXSourcesBuildPhase;
			buildActionMask = 2147483647;
			files = (
				2C86FC2229E95FC100D21D76 /* CardsConfigurator.swift in Sources */,
				2C3CBEA229E81B37004CF4A6 /* CompanyAPIModel.swift in Sources */,
				2C86FC1229E9512900D21D76 /* URLProvider.swift in Sources */,
				2C86FC2C29E964A000D21D76 /* UIColor+Hex.swift in Sources */,
				2C3CBEA629E81C1B004CF4A6 /* RequestService.swift in Sources */,
				2C07D85E29EB3B8B0083C939 /* HalfRingActivityIndicator.swift in Sources */,
				2C07D85829EAC79E0083C939 /* ImageLoadingManager.swift in Sources */,
				2C86FC2029E95FA800D21D76 /* CardsPresenter.swift in Sources */,
				2C3CBEA429E81BF5004CF4A6 /* CompanyParser.swift in Sources */,
				2C86FC3D29E9837C00D21D76 /* Fonts.swift in Sources */,
				2CB6588729EE9CBA004B77ED /* LoaderFooterView.swift in Sources */,
				2C86FC2629E960CB00D21D76 /* CardsDataSourceProvider.swift in Sources */,
				2C07D85A29EAE4170083C939 /* CardButtonActionDelegate.swift in Sources */,
				2C86FC1C29E95F5D00D21D76 /* CardModel.swift in Sources */,
				2C86FC1E29E95F7E00D21D76 /* CardsViewController.swift in Sources */,
				2C86FC1929E95E4000D21D76 /* IdentifiableCell.swift in Sources */,
				2C86FC3329E9656C00D21D76 /* Colors.swift in Sources */,
				2C3CBE9929E81A0F004CF4A6 /* ServiceAssembly.swift in Sources */,
				2C3CBE9729E819CA004CF4A6 /* SystemLogger.swift in Sources */,
				2C86FC3629E9673600D21D76 /* CardCell.swift in Sources */,
				2C3CBEA929E81C4F004CF4A6 /* RequestFactory.swift in Sources */,
				2C86FC2929E9612600D21D76 /* PresentationAssembly.swift in Sources */,
				2C3CBE7D29E7C569004CF4A6 /* AppDelegate.swift in Sources */,
				2C3CBE9C29E81A69004CF4A6 /* NetworkError.swift in Sources */,
				2C86FC4529E9D4DB00D21D76 /* UsesAutoLayout.swift in Sources */,
				2C86FC3B29E9708C00D21D76 /* Indents.swift in Sources */,
				2C07D85529EABB720083C939 /* CardIconButton.swift in Sources */,
				2C07D85329EAB40F0083C939 /* Icons.swift in Sources */,
			);
			runOnlyForDeploymentPostprocessing = 0;
		};
/* End PBXSourcesBuildPhase section */

/* Begin PBXVariantGroup section */
		2C3CBE8729E7C56B004CF4A6 /* LaunchScreen.storyboard */ = {
			isa = PBXVariantGroup;
			children = (
				2C3CBE8829E7C56B004CF4A6 /* Base */,
			);
			name = LaunchScreen.storyboard;
			sourceTree = "<group>";
		};
/* End PBXVariantGroup section */

/* Begin XCBuildConfiguration section */
		2C3CBE8B29E7C56B004CF4A6 /* Debug */ = {
			isa = XCBuildConfiguration;
			buildSettings = {
				ALWAYS_SEARCH_USER_PATHS = NO;
				CLANG_ANALYZER_NONNULL = YES;
				CLANG_ANALYZER_NUMBER_OBJECT_CONVERSION = YES_AGGRESSIVE;
				CLANG_CXX_LANGUAGE_STANDARD = "gnu++20";
				CLANG_ENABLE_MODULES = YES;
				CLANG_ENABLE_OBJC_ARC = YES;
				CLANG_ENABLE_OBJC_WEAK = YES;
				CLANG_WARN_BLOCK_CAPTURE_AUTORELEASING = YES;
				CLANG_WARN_BOOL_CONVERSION = YES;
				CLANG_WARN_COMMA = YES;
				CLANG_WARN_CONSTANT_CONVERSION = YES;
				CLANG_WARN_DEPRECATED_OBJC_IMPLEMENTATIONS = YES;
				CLANG_WARN_DIRECT_OBJC_ISA_USAGE = YES_ERROR;
				CLANG_WARN_DOCUMENTATION_COMMENTS = YES;
				CLANG_WARN_EMPTY_BODY = YES;
				CLANG_WARN_ENUM_CONVERSION = YES;
				CLANG_WARN_INFINITE_RECURSION = YES;
				CLANG_WARN_INT_CONVERSION = YES;
				CLANG_WARN_NON_LITERAL_NULL_CONVERSION = YES;
				CLANG_WARN_OBJC_IMPLICIT_RETAIN_SELF = YES;
				CLANG_WARN_OBJC_LITERAL_CONVERSION = YES;
				CLANG_WARN_OBJC_ROOT_CLASS = YES_ERROR;
				CLANG_WARN_QUOTED_INCLUDE_IN_FRAMEWORK_HEADER = YES;
				CLANG_WARN_RANGE_LOOP_ANALYSIS = YES;
				CLANG_WARN_STRICT_PROTOTYPES = YES;
				CLANG_WARN_SUSPICIOUS_MOVE = YES;
				CLANG_WARN_UNGUARDED_AVAILABILITY = YES_AGGRESSIVE;
				CLANG_WARN_UNREACHABLE_CODE = YES;
				CLANG_WARN__DUPLICATE_METHOD_MATCH = YES;
				COPY_PHASE_STRIP = NO;
				DEBUG_INFORMATION_FORMAT = dwarf;
				ENABLE_STRICT_OBJC_MSGSEND = YES;
				ENABLE_TESTABILITY = YES;
				GCC_C_LANGUAGE_STANDARD = gnu11;
				GCC_DYNAMIC_NO_PIC = NO;
				GCC_NO_COMMON_BLOCKS = YES;
				GCC_OPTIMIZATION_LEVEL = 0;
				GCC_PREPROCESSOR_DEFINITIONS = (
					"DEBUG=1",
					"$(inherited)",
				);
				GCC_WARN_64_TO_32_BIT_CONVERSION = YES;
				GCC_WARN_ABOUT_RETURN_TYPE = YES_ERROR;
				GCC_WARN_UNDECLARED_SELECTOR = YES;
				GCC_WARN_UNINITIALIZED_AUTOS = YES_AGGRESSIVE;
				GCC_WARN_UNUSED_FUNCTION = YES;
				GCC_WARN_UNUSED_VARIABLE = YES;
				IPHONEOS_DEPLOYMENT_TARGET = 16.4;
				MTL_ENABLE_DEBUG_INFO = INCLUDE_SOURCE;
				MTL_FAST_MATH = YES;
				ONLY_ACTIVE_ARCH = YES;
				SDKROOT = iphoneos;
				SWIFT_ACTIVE_COMPILATION_CONDITIONS = DEBUG;
				SWIFT_OPTIMIZATION_LEVEL = "-Onone";
			};
			name = Debug;
		};
		2C3CBE8C29E7C56B004CF4A6 /* Release */ = {
			isa = XCBuildConfiguration;
			buildSettings = {
				ALWAYS_SEARCH_USER_PATHS = NO;
				CLANG_ANALYZER_NONNULL = YES;
				CLANG_ANALYZER_NUMBER_OBJECT_CONVERSION = YES_AGGRESSIVE;
				CLANG_CXX_LANGUAGE_STANDARD = "gnu++20";
				CLANG_ENABLE_MODULES = YES;
				CLANG_ENABLE_OBJC_ARC = YES;
				CLANG_ENABLE_OBJC_WEAK = YES;
				CLANG_WARN_BLOCK_CAPTURE_AUTORELEASING = YES;
				CLANG_WARN_BOOL_CONVERSION = YES;
				CLANG_WARN_COMMA = YES;
				CLANG_WARN_CONSTANT_CONVERSION = YES;
				CLANG_WARN_DEPRECATED_OBJC_IMPLEMENTATIONS = YES;
				CLANG_WARN_DIRECT_OBJC_ISA_USAGE = YES_ERROR;
				CLANG_WARN_DOCUMENTATION_COMMENTS = YES;
				CLANG_WARN_EMPTY_BODY = YES;
				CLANG_WARN_ENUM_CONVERSION = YES;
				CLANG_WARN_INFINITE_RECURSION = YES;
				CLANG_WARN_INT_CONVERSION = YES;
				CLANG_WARN_NON_LITERAL_NULL_CONVERSION = YES;
				CLANG_WARN_OBJC_IMPLICIT_RETAIN_SELF = YES;
				CLANG_WARN_OBJC_LITERAL_CONVERSION = YES;
				CLANG_WARN_OBJC_ROOT_CLASS = YES_ERROR;
				CLANG_WARN_QUOTED_INCLUDE_IN_FRAMEWORK_HEADER = YES;
				CLANG_WARN_RANGE_LOOP_ANALYSIS = YES;
				CLANG_WARN_STRICT_PROTOTYPES = YES;
				CLANG_WARN_SUSPICIOUS_MOVE = YES;
				CLANG_WARN_UNGUARDED_AVAILABILITY = YES_AGGRESSIVE;
				CLANG_WARN_UNREACHABLE_CODE = YES;
				CLANG_WARN__DUPLICATE_METHOD_MATCH = YES;
				COPY_PHASE_STRIP = NO;
				DEBUG_INFORMATION_FORMAT = "dwarf-with-dsym";
				ENABLE_NS_ASSERTIONS = NO;
				ENABLE_STRICT_OBJC_MSGSEND = YES;
				GCC_C_LANGUAGE_STANDARD = gnu11;
				GCC_NO_COMMON_BLOCKS = YES;
				GCC_WARN_64_TO_32_BIT_CONVERSION = YES;
				GCC_WARN_ABOUT_RETURN_TYPE = YES_ERROR;
				GCC_WARN_UNDECLARED_SELECTOR = YES;
				GCC_WARN_UNINITIALIZED_AUTOS = YES_AGGRESSIVE;
				GCC_WARN_UNUSED_FUNCTION = YES;
				GCC_WARN_UNUSED_VARIABLE = YES;
				IPHONEOS_DEPLOYMENT_TARGET = 16.4;
				MTL_ENABLE_DEBUG_INFO = NO;
				MTL_FAST_MATH = YES;
				SDKROOT = iphoneos;
				SWIFT_COMPILATION_MODE = wholemodule;
				SWIFT_OPTIMIZATION_LEVEL = "-O";
				VALIDATE_PRODUCT = YES;
			};
			name = Release;
		};
		2C3CBE8E29E7C56B004CF4A6 /* Debug */ = {
			isa = XCBuildConfiguration;
			buildSettings = {
				ASSETCATALOG_COMPILER_APPICON_NAME = AppIcon;
				ASSETCATALOG_COMPILER_GLOBAL_ACCENT_COLOR_NAME = AccentColor;
				CODE_SIGN_STYLE = Automatic;
				CURRENT_PROJECT_VERSION = 1;
				DEVELOPMENT_TEAM = B66N983M7Q;
				GENERATE_INFOPLIST_FILE = YES;
				INFOPLIST_FILE = MobinTestTask/Info.plist;
				INFOPLIST_KEY_UIApplicationSupportsIndirectInputEvents = YES;
				INFOPLIST_KEY_UILaunchStoryboardName = LaunchScreen;
				INFOPLIST_KEY_UIMainStoryboardFile = "";
				INFOPLIST_KEY_UISupportedInterfaceOrientations = UIInterfaceOrientationPortrait;
				INFOPLIST_KEY_UISupportedInterfaceOrientations_iPad = "UIInterfaceOrientationLandscapeLeft UIInterfaceOrientationLandscapeRight UIInterfaceOrientationPortrait UIInterfaceOrientationPortraitUpsideDown";
				LD_RUNPATH_SEARCH_PATHS = (
					"$(inherited)",
					"@executable_path/Frameworks",
				);
				MARKETING_VERSION = 1.0;
				PRODUCT_BUNDLE_IDENTIFIER = ru.zyfunphoto.MobinTestTask;
				PRODUCT_NAME = "$(TARGET_NAME)";
				SUPPORTED_PLATFORMS = "iphoneos iphonesimulator";
				SUPPORTS_MACCATALYST = NO;
				SUPPORTS_MAC_DESIGNED_FOR_IPHONE_IPAD = NO;
				SWIFT_EMIT_LOC_STRINGS = YES;
				SWIFT_VERSION = 5.0;
				TARGETED_DEVICE_FAMILY = 1;
			};
			name = Debug;
		};
		2C3CBE8F29E7C56B004CF4A6 /* Release */ = {
			isa = XCBuildConfiguration;
			buildSettings = {
				ASSETCATALOG_COMPILER_APPICON_NAME = AppIcon;
				ASSETCATALOG_COMPILER_GLOBAL_ACCENT_COLOR_NAME = AccentColor;
				CODE_SIGN_STYLE = Automatic;
				CURRENT_PROJECT_VERSION = 1;
				DEVELOPMENT_TEAM = B66N983M7Q;
				GENERATE_INFOPLIST_FILE = YES;
				INFOPLIST_FILE = MobinTestTask/Info.plist;
				INFOPLIST_KEY_UIApplicationSupportsIndirectInputEvents = YES;
				INFOPLIST_KEY_UILaunchStoryboardName = LaunchScreen;
				INFOPLIST_KEY_UIMainStoryboardFile = "";
				INFOPLIST_KEY_UISupportedInterfaceOrientations = UIInterfaceOrientationPortrait;
				INFOPLIST_KEY_UISupportedInterfaceOrientations_iPad = "UIInterfaceOrientationLandscapeLeft UIInterfaceOrientationLandscapeRight UIInterfaceOrientationPortrait UIInterfaceOrientationPortraitUpsideDown";
				LD_RUNPATH_SEARCH_PATHS = (
					"$(inherited)",
					"@executable_path/Frameworks",
				);
				MARKETING_VERSION = 1.0;
				PRODUCT_BUNDLE_IDENTIFIER = ru.zyfunphoto.MobinTestTask;
				PRODUCT_NAME = "$(TARGET_NAME)";
				SUPPORTED_PLATFORMS = "iphoneos iphonesimulator";
				SUPPORTS_MACCATALYST = NO;
				SUPPORTS_MAC_DESIGNED_FOR_IPHONE_IPAD = NO;
				SWIFT_EMIT_LOC_STRINGS = YES;
				SWIFT_VERSION = 5.0;
				TARGETED_DEVICE_FAMILY = 1;
			};
			name = Release;
		};
/* End XCBuildConfiguration section */

/* Begin XCConfigurationList section */
		2C3CBE7429E7C569004CF4A6 /* Build configuration list for PBXProject "MobinTestTask" */ = {
			isa = XCConfigurationList;
			buildConfigurations = (
				2C3CBE8B29E7C56B004CF4A6 /* Debug */,
				2C3CBE8C29E7C56B004CF4A6 /* Release */,
			);
			defaultConfigurationIsVisible = 0;
			defaultConfigurationName = Release;
		};
		2C3CBE8D29E7C56B004CF4A6 /* Build configuration list for PBXNativeTarget "MobinTestTask" */ = {
			isa = XCConfigurationList;
			buildConfigurations = (
				2C3CBE8E29E7C56B004CF4A6 /* Debug */,
				2C3CBE8F29E7C56B004CF4A6 /* Release */,
			);
			defaultConfigurationIsVisible = 0;
			defaultConfigurationName = Release;
		};
/* End XCConfigurationList section */
	};
	rootObject = 2C3CBE7129E7C569004CF4A6 /* Project object */;
}
